{
  "requires": true,
  "lockfileVersion": 1,
  "dependencies": {
    "clsx": {
      "version": "1.1.1",
      "resolved": "https://registry.npmjs.org/clsx/-/clsx-1.1.1.tgz",
      "integrity": "sha512-6/bPho624p3S2pMyvP5kKBPXnI3ufHLObBFCfgx+LkeR5lg2XYy2hqZqUf45ypD8COn2bhgGJSUE+l5dhNBieA=="
    },
    "nodemailer": {
      "version": "6.7.0",
      "resolved": "https://registry.npmjs.org/nodemailer/-/nodemailer-6.7.0.tgz",
      "integrity": "sha512-AtiTVUFHLiiDnMQ43zi0YgkzHOEWUkhDgPlBXrsDzJiJvB29Alo4OKxHQ0ugF3gRqRQIneCLtZU3yiUo7pItZw=="
    },
    "react-confirm-alert": {
      "version": "2.7.0",
      "resolved": "https://registry.npmjs.org/react-confirm-alert/-/react-confirm-alert-2.7.0.tgz",
      "integrity": "sha512-21NWtGK/e85+ZX3TLRpMc3IsU5Kj6Z9ElCOrkTIlwMzV9EancyXNlkqHGbtKP63a2iS6g5hOxROokmJOqKQiXA=="
    },
    "react-toastify": {
      "version": "8.0.3",
      "resolved": "https://registry.npmjs.org/react-toastify/-/react-toastify-8.0.3.tgz",
      "integrity": "sha512-rv3koC7f9lKKSkdpYgo/TGzgWlrB/aaiUInF1DyV7BpiM4kyTs+uhu6/r8XDMtBY2FOIHK+FlK3Iv7OzpA/tCA==",
      "requires": {
        "clsx": "^1.1.1"
      }
    }
  }
}
